
Microsoft Visual Studio Solution File, Format Version 12.00
# Visual Studio Version 16
VisualStudioVersion = 16.0.30011.22
MinimumVisualStudioVersion = 10.0.40219.1
Project("{8BC9CEB8-8B4A-11D0-8D11-00A0C91BC942}") = "2023.09.19", "2023.09.19\2023.09.19.vcxproj", "{53A830AC-B127-4A37-9875-D233AD3AE91A}"
EndProject
Global
	GlobalSection(SolutionConfigurationPlatforms) = preSolution
		Debug|x64 = Debug|x64
		Debug|x86 = Debug|x86
		Release|x64 = Release|x64
		Release|x86 = Release|x86
	EndGlobalSection
	GlobalSection(ProjectConfigurationPlatforms) = postSolution
		{53A830AC-B127-4A37-9875-D233AD3AE91A}.Debug|x64.ActiveCfg = Debug|x64
		{53A830AC-B127-4A37-9875-D233AD3AE91A}.Debug|x64.Build.0 = Debug|x64
		{53A830AC-B127-4A37-9875-D233AD3AE91A}.Debug|x86.ActiveCfg = Debug|Win32
		{53A830AC-B127-4A37-9875-D233AD3AE91A}.Debug|x86.Build.0 = Debug|Win32
		{53A830AC-B127-4A37-9875-D233AD3AE91A}.Release|x64.ActiveCfg = Release|x64
		{53A830AC-B127-4A37-9875-D233AD3AE91A}.Release|x64.Build.0 = Release|x64
		{53A830AC-B127-4A37-9875-D233AD3AE91A}.Release|x86.ActiveCfg = Release|Win32
		{53A830AC-B127-4A37-9875-D233AD3AE91A}.Release|x86.Build.0 = Release|Win32
	EndGlobalSection
	GlobalSection(SolutionProperties) = preSolution
		HideSolutionNode = FALSE
	EndGlobalSection
	GlobalSection(ExtensibilityGlobals) = postSolution
		SolutionGuid = {AFE1C111-F2A8-48D8-9DFA-374F25B0481F}
	EndGlobalSection
EndGlobal
